{
  "name": "uv-app",
  "version": "1.0.0",
  "lockfileVersion": 3,
  "requires": true,
  "packages": {
    "": {
      "name": "uv-app",
      "version": "1.0.0",
      "license": "GPL-3.0-or-later",
      "dependencies": {
        "@mercuryworkshop/bare-mux": "^1.0.5",
        "@mercuryworkshop/epoxy-transport": "^1.1.0",
        "@titaniumnetwork-dev/ultraviolet": "^3.0.0",
        "express": "^4.18.2",
        "ultraviolet-static": "file:ultraviolet-static",
        "wisp-server-node": "^1.0.1",
        "ws": "^8.16.0"
      },
      "devDependencies": {
        "eslint": "^8.36.0",
        "prettier": "^2.8.4"
      },
      "engines": {
        "node": ">=16.0.0",
        "npm": ">=7.0.0"
      }
    },
    "node_modules/@aashutoshrathi/word-wrap": {
      "version": "1.2.6",
      "resolved": "https://registry.npmjs.org/@aashutoshrathi/word-wrap/-/word-wrap-1.2.6.tgz",
      "integrity": "sha512-1Yjs2SvM8TflER/OD3cOjhWWOZb58A2t7wpE2S9XfBYTiIl+XFhQG2bjy4Pu1I+EAlCNUzRDYDdFwFYUKvXcIA==",
      "dev": true,
      "engines": {
        "node": ">=0.10.0"
      }
    },
    "node_modules/@esbuild/aix-ppc64": {
